Microsoft Visual Studio Solution File, Format Version 12.00
# Visual Studio Version 17
VisualStudioVersion = 17.13.35931.197
MinimumVisualStudioVersion = 10.0.40219.1
Project("{FAE04EC0-301F-11D3-BF4B-00C04F79EFBC}") = "ExampleAspNetTodo", "ExampleAspNetTodo\ExampleAspNetTodo.csproj", "{94D33B31-00EF-4E55-B4C1-CAE479598C51}"
EndProject
Global
	GlobalSection(SolutionConfigurationPlatforms) = preSolution
		Debug|Any CPU = Debug|Any CPU
		Release|Any CPU = Release|Any CPU
	EndGlobalSection
	GlobalSection(ProjectConfigurationPlatforms) = postSolution
		{94D33B31-00EF-4E55-B4C1-CAE479598C51}.Debug|Any CPU.ActiveCfg = Debug|Any CPU
		{94D33B31-00EF-4E55-B4C1-CAE479598C51}.Debug|Any CPU.Build.0 = Debug|Any CPU
		{94D33B31-00EF-4E55-B4C1-CAE479598C51}.Release|Any CPU.ActiveCfg = Release|Any CPU
		{94D33B31-00EF-4E55-B4C1-CAE479598C51}.Release|Any CPU.Build.0 = Release|Any CPU
	EndGlobalSection
	GlobalSection(SolutionProperties) = preSolution
		HideSolutionNode = FALSE
	EndGlobalSection
	GlobalSection(ExtensibilityGlobals) = postSolution
		SolutionGuid = {E91D1D9D-E035-4307-913C-84B6DFD74CFE}
	EndGlobalSection
EndGlobal
